lockfileVersion: '9.0'

settings:
  autoInstallPeers: true
  excludeLinksFromLockfile: false

importers:

  .:
    dependencies:
      '@mysten-incubation/memwal':
        specifier: ^0.0.7
        version: 0.0.7(@mysten/seal@1.3.0(@mysten/sui@2.17.0(typescript@6.0.3)))(@mysten/sui@2.17.0(typescript@6.0.3))

packages:

  '@0no-co/graphql.web@1.2.0':
    resolution: {integrity: sha512-/1iHy9TTr63gE1YcR5idjx8UREz1s0kFhydf3bBLCXyqjhkIc6igAzTOx3zPifCwFR87tsh/4Pa9cNts6d2otw==}
    peerDependencies:
      graphql: ^14.0.0 || ^15.0.0 || ^16.0.0
    peerDependenciesMeta:
      graphql:
        optional: true

  '@0no-co/graphqlsp@1.15.4':
    resolution: {integrity: sha512-Nt1DVHcZ08lKRKwhiU0amXH77fSdrO6DzyjLE0DkCxfbM/N1SAs32d76y1xtCzM5H9eT0iDS7SdksgRXWJu05g==}
    peerDependencies:
      graphql: ^15.5.0 || ^16.0.0 || ^17.0.0
      typescript: ^5.0.0 || ^6.0.0

  '@gql.tada/cli-utils@1.7.3':
    resolution: {integrity: sha512-3iQY5E/jvv3Lnh6D1Mh7zr+Bb9C/TGk1DHkm+lbIjQBnZAu2m+BcTcr1e3spUt6Aa6HG/xAN2XxpbWw9oZALEg==}
    peerDependencies:
      '@0no-co/graphqlsp': ^1.12.13
      '@gql.tada/svelte-support': 1.0.2
      '@gql.tada/vue-support': 1.0.2
      graphql: ^15.5.0 || ^16.0.0 || ^17.0.0
      typescript: ^5.0.0 || ^6.0.0
    peerDependenciesMeta:
      '@gql.tada/svelte-support':
        optional: true
      '@gql.tada/vue-support':
        optional: true

  '@gql.tada/internal@1.0.9':
    resolution: {integrity: sha512-Bp8yi+kLrzIJ3l5Dfxhz48H4OCH2LCX+pShaPcJgh+oiBt6clrjUKDYNDD3Z78aDQ3+Tyrxe4dd0MfLgpSLPPg==}
    peerDependencies:
      graphql: ^15.5.0 || ^16.0.0 || ^17.0.0
      typescript: ^5.0.0 || ^6.0.0

  '@graphql-typed-document-node/core@3.2.0':
    resolution: {integrity: sha512-mB9oAsNCm9aM3/SOv4YtBMqZbYj10R7dkq8byBqxGY/ncFwhf2oQzMV+LCRlWoDSEBJ3COiR1yeDvMtsoOsuFQ==}
    peerDependencies:
      graphql: ^0.8.0 || ^0.9.0 || ^0.10.0 || ^0.11.0 || ^0.12.0 || ^0.13.0 || ^14.0.0 || ^15.0.0 || ^16.0.0 || ^17.0.0

  '@mysten-incubation/memwal@0.0.7':
    resolution: {integrity: sha512-jZycnsstVX/aP33OyJM3bTciwFiiOEcZV4XfhHGbqh8e9pMV/pbOAfD5m9gxrD3V8en29QGAISBsiMIdP3CIyg==}
    peerDependencies:
      '@mysten/seal': '>=1.1.0'
      '@mysten/sui': '>=2.5.0'
      '@mysten/walrus': '>=1.0.3'
      ai: '>=4.0.0'
      zod: ^3.23.0
    peerDependenciesMeta:
      '@mysten/walrus':
        optional: true
      ai:
        optional: true
      zod:
        optional: true

  '@mysten/bcs@2.0.5':
    resolution: {integrity: sha512-Dop9Xq36DPLlsmIDQZvUg4uJeBBxIGirgp2OXGaEff+mtLKFBoW2HnE3aSTSSpiMQH9XRhjwtiM16zFJhFqz0Q==}

  '@mysten/bcs@2.1.0':
    resolution: {integrity: sha512-rIR/cDAqDfBDxmYEZXppN/on8gmh1OW0dYi/Bk2kMBZcYMTaBaEtEX1VR6g7HicVxuMbFAIP0/SQkdH7J9Y5dQ==}

  '@mysten/seal@1.3.0':
    resolution: {integrity: sha512-NABSSVbzmXFejk6vxn285VoSlrw5Ye+B/erqhrnbQ1rfouDiEhAbNHUGK95SdBASLBXOCghU/gLXJBDHQPXTWQ==}
    peerDependencies:
      '@mysten/sui': ^2.20.3

  '@mysten/sui@2.17.0':
    resolution: {integrity: sha512-TrS1BCPm4V6rC69MBejmcqnKIyJ5t1iksax4XA9jWarZxAAp9LMmdxEBebejyDT/yAJxYIf3fNm5WBkHE2qnIw==}
    engines: {node: '>=22'}

  '@mysten/utils@0.3.3':
    resolution: {integrity: sha512-gVHn5toh24eXXLEyBknwwM2F/tbDgqPX0yj77KtHjuoYUallcQ9vSwGfGsAy39IcTB259Yprt/ZOEwdup+zrpA==}

  '@mysten/utils@0.4.0':
    resolution: {integrity: sha512-nHlXECBl9kE+AHF/aw5a7JVNizae8Kb71A4H18BV/sXd5/l2BaWNGWVatq05fzJo3hF78AWorDxa++1TgcBKWw==}

  '@noble/curves@2.2.0':
    resolution: {integrity: sha512-T/BoHgFXirb0ENSPBquzX0rcjXeM6Lo892a2jlYJkqk83LqZx0l1Of7DzlKJ6jkpvMrkHSnAcgb5JegL8SeIkQ==}
    engines: {node: '>= 20.19.0'}

  '@noble/ed25519@2.3.0':
    resolution: {integrity: sha512-M7dvXL2B92/M7dw9+gzuydL8qn/jiqNHaoR3Q+cb1q1GHV7uwE17WCyFMG+Y+TZb5izcaXk5TdJRrDUxHXL78A==}

  '@noble/hashes@2.2.0':
    resolution: {integrity: sha512-IYqDGiTXab6FniAgnSdZwgWbomxpy9FtYvLKs7wCUs2a8RkITG+DFGO1DM9cr+E3/RgADRpFjrKVaJ1z6sjtEg==}
    engines: {node: '>= 20.19.0'}

  '@protobuf-ts/grpcweb-transport@2.11.1':
    resolution: {integrity: sha512-1W4utDdvOB+RHMFQ0soL4JdnxjXV+ddeGIUg08DvZrA8Ms6k5NN6GBFU2oHZdTOcJVpPrDJ02RJlqtaoCMNBtw==}

  '@protobuf-ts/runtime-rpc@2.11.1':
    resolution: {integrity: sha512-4CqqUmNA+/uMz00+d3CYKgElXO9VrEbucjnBFEjqI4GuDrEQ32MaI3q+9qPBvIGOlL4PmHXrzM32vBPWRhQKWQ==}

  '@protobuf-ts/runtime@2.11.1':
    resolution: {integrity: sha512-KuDaT1IfHkugM2pyz+FwiY80ejWrkH1pAtOBOZFuR6SXEFTsnb/jiQWQ1rCIrcKx2BtyxnxW6BWwsVSA/Ie+WQ==}

  '@scure/base@2.2.0':
    resolution: {integrity: sha512-b8XEupJibegiXV+tDUseI8oLQc8ei3d/4Jkb2RpbHh3MfE054ov3uIz2dhFkB3FI8iwYkEh0gGCApkrYggkPNg==}

  '@scure/bip32@2.2.0':
    resolution: {integrity: sha512-zFr7t2F+a9+5tB7QbarF2HQNYrgjCNaoLAupZdKkrFMYMozJf5zqH2WJCQibMzm1qQ0QogrxVGO3qXfQDYMaQg==}

  '@scure/bip39@2.2.0':
    resolution: {integrity: sha512-T/Bj/YvYMNkIPq6EENO6/rcs2e7qTNuyoUXf0KBFDmp0ZDu0H2X4Lq6yC3i0c8PcWkov5EbW+yQZZbdMmk154A==}

  gql.tada@1.9.2:
    resolution: {integrity: sha512-QxRHVpxtrOVdYXz6oavq0lBM+Zdp0swapLGJcD4SLpXDcsD337BHDFrzqqjfkbepv0sSAiO0LGabu1kI5D5Gyg==}
    hasBin: true
    peerDependencies:
      typescript: ^5.0.0 || ^6.0.0

  graphql@16.14.0:
    resolution: {integrity: sha512-BBvQ/406p+4CZbTpCbVPSxfzrZrbnuWSP1ELYgyS6B+hNeKzgrdB4JczCa5VZUBQrDa9hUngm0KnexY6pJRN5Q==}
    engines: {node: ^12.22.0 || ^14.16.0 || ^16.0.0 || >=17.0.0}

  poseidon-lite@0.2.1:
    resolution: {integrity: sha512-xIr+G6HeYfOhCuswdqcFpSX47SPhm0EpisWJ6h7fHlWwaVIvH3dLnejpatrtw6Xc6HaLrpq05y7VRfvDmDGIog==}

  typescript@6.0.3:
    resolution: {integrity: sha512-y2TvuxSZPDyQakkFRPZHKFm+KKVqIisdg9/CZwm9ftvKXLP8NRWj38/ODjNbr43SsoXqNuAisEf1GdCxqWcdBw==}
    engines: {node: '>=14.17'}
    hasBin: true

  valibot@1.4.1:
    resolution: {integrity: sha512-klCmFTz2jeDluy9RwX+F884TCiogtdBJ/YaxSx1EOBYXa3NXNWj8kR1jjN8rzluwojJVWWaHJ4r1U5LfICnM3g==}
    peerDependencies:
      typescript: '>=5'
    peerDependenciesMeta:
      typescript:
        optional: true

snapshots:

  '@0no-co/graphql.web@1.2.0(graphql@16.14.0)':
    optionalDependencies:
      graphql: 16.14.0

  '@0no-co/graphqlsp@1.15.4(graphql@16.14.0)(typescript@6.0.3)':
    dependencies:
      '@gql.tada/internal': 1.0.9(graphql@16.14.0)(typescript@6.0.3)
      graphql: 16.14.0
      typescript: 6.0.3

  '@gql.tada/cli-utils@1.7.3(@0no-co/graphqlsp@1.15.4(graphql@16.14.0)(typescript@6.0.3))(graphql@16.14.0)(typescript@6.0.3)':
    dependencies:
      '@0no-co/graphqlsp': 1.15.4(graphql@16.14.0)(typescript@6.0.3)
      '@gql.tada/internal': 1.0.9(graphql@16.14.0)(typescript@6.0.3)
      graphql: 16.14.0
      typescript: 6.0.3

  '@gql.tada/internal@1.0.9(graphql@16.14.0)(typescript@6.0.3)':
    dependencies:
      '@0no-co/graphql.web': 1.2.0(graphql@16.14.0)
      graphql: 16.14.0
      typescript: 6.0.3

  '@graphql-typed-document-node/core@3.2.0(graphql@16.14.0)':
    dependencies:
      graphql: 16.14.0

  '@mysten-incubation/memwal@0.0.7(@mysten/seal@1.3.0(@mysten/sui@2.17.0(typescript@6.0.3)))(@mysten/sui@2.17.0(typescript@6.0.3))':
    dependencies:
      '@mysten/seal': 1.3.0(@mysten/sui@2.17.0(typescript@6.0.3))
      '@mysten/sui': 2.17.0(typescript@6.0.3)
      '@noble/ed25519': 2.3.0
      '@noble/hashes': 2.2.0

  '@mysten/bcs@2.0.5':
    dependencies:
      '@mysten/utils': 0.3.3
      '@scure/base': 2.2.0

  '@mysten/bcs@2.1.0':
    dependencies:
      '@mysten/utils': 0.4.0
      '@scure/base': 2.2.0

  '@mysten/seal@1.3.0(@mysten/sui@2.17.0(typescript@6.0.3))':
    dependencies:
      '@mysten/bcs': 2.1.0
      '@mysten/sui': 2.17.0(typescript@6.0.3)
      '@noble/curves': 2.2.0
      '@noble/hashes': 2.2.0

  '@mysten/sui@2.17.0(typescript@6.0.3)':
    dependencies:
      '@graphql-typed-document-node/core': 3.2.0(graphql@16.14.0)
      '@mysten/bcs': 2.0.5
      '@mysten/utils': 0.3.3
      '@noble/curves': 2.2.0
      '@noble/hashes': 2.2.0
      '@protobuf-ts/grpcweb-transport': 2.11.1
      '@protobuf-ts/runtime': 2.11.1
      '@protobuf-ts/runtime-rpc': 2.11.1
      '@scure/base': 2.2.0
      '@scure/bip32': 2.2.0
      '@scure/bip39': 2.2.0
      gql.tada: 1.9.2(graphql@16.14.0)(typescript@6.0.3)
      graphql: 16.14.0
      poseidon-lite: 0.2.1
      valibot: 1.4.1(typescript@6.0.3)
    transitivePeerDependencies:
      - '@gql.tada/svelte-support'
      - '@gql.tada/vue-support'
      - typescript

  '@mysten/utils@0.3.3':
    dependencies:
      '@scure/base': 2.2.0

  '@mysten/utils@0.4.0':
    dependencies:
      '@scure/base': 2.2.0

  '@noble/curves@2.2.0':
    dependencies:
      '@noble/hashes': 2.2.0

  '@noble/ed25519@2.3.0': {}

  '@noble/hashes@2.2.0': {}

  '@protobuf-ts/grpcweb-transport@2.11.1':
    dependencies:
      '@protobuf-ts/runtime': 2.11.1
      '@protobuf-ts/runtime-rpc': 2.11.1

  '@protobuf-ts/runtime-rpc@2.11.1':
    dependencies:
      '@protobuf-ts/runtime': 2.11.1

  '@protobuf-ts/runtime@2.11.1': {}

  '@scure/base@2.2.0': {}

  '@scure/bip32@2.2.0':
    dependencies:
      '@noble/curves': 2.2.0
      '@noble/hashes': 2.2.0
      '@scure/base': 2.2.0

  '@scure/bip39@2.2.0':
    dependencies:
      '@noble/hashes': 2.2.0
      '@scure/base': 2.2.0

  gql.tada@1.9.2(graphql@16.14.0)(typescript@6.0.3):
    dependencies:
      '@0no-co/graphql.web': 1.2.0(graphql@16.14.0)
      '@0no-co/graphqlsp': 1.15.4(graphql@16.14.0)(typescript@6.0.3)
      '@gql.tada/cli-utils': 1.7.3(@0no-co/graphqlsp@1.15.4(graphql@16.14.0)(typescript@6.0.3))(graphql@16.14.0)(typescript@6.0.3)
      '@gql.tada/internal': 1.0.9(graphql@16.14.0)(typescript@6.0.3)
      typescript: 6.0.3
    transitivePeerDependencies:
      - '@gql.tada/svelte-support'
      - '@gql.tada/vue-support'
      - graphql

  graphql@16.14.0: {}

  poseidon-lite@0.2.1: {}

  typescript@6.0.3: {}

  valibot@1.4.1(typescript@6.0.3):
    optionalDependencies:
      typescript: 6.0.3
